version = 1
revision = 3
requires-python = ">=3.13"

[[package]]
name = "parser"
version = "0.1.0"
source = { virtual = "." }
dependencies = [
    { name = "pypdf" },
]

[package.metadata]
requires-dist = [{ name = "pypdf", specifier = ">=5.1.0" }]

[[package]]
name = "pypdf"
version = "6.7.5"
source = { registry = "https://pypi.org/simple" }
sdist = { url = "https://files.pythonhosted.org/packages/f6/52/37cc0aa9e9d1bf7729a737a0d83f8b3f851c8eb137373d9f71eafb0a3405/pypdf-6.7.5.tar.gz", hash = "sha256:40bb2e2e872078655f12b9b89e2f900888bb505e88a82150b64f9f34fa25651d", size = 5304278, upload-time = "2026-03-02T09:05:21.464Z" }
wheels = [
    { url = "https://files.pythonhosted.org/packages/05/89/336673efd0a88956562658aba4f0bbef7cb92a6fbcbcaf94926dbc82b408/pypdf-6.7.5-py3-none-any.whl", hash = "sha256:07ba7f1d6e6d9aa2a17f5452e320a84718d4ce863367f7ede2fd72280349ab13", size = 331421, upload-time = "2026-03-02T09:05:19.722Z" },
]
